// !$*UTF8*$!
{
	archiveVersion = 1;
	classes = {
	};
	objectVersion = 55;
	objects = {

/* Begin PBXBuildFile section */
		257CFC55286EEB6A00C34501 /* EditTableViewController.swift in Sources */ = {isa = PBXBuildFile; fileRef = 257CFC54286EEB6900C34501 /* EditTableViewController.swift */; };
		257EC9C028842D6200A19FB9 /* CustomView.swift in Sources */ = {isa = PBXBuildFile; fileRef = 257EC9BF28842D6200A19FB9 /* CustomView.swift */; };
		2582DE8F284A5EDF00284BAB /* ExpensetypeTableViewCell.swift in Sources */ = {isa = PBXBuildFile; fileRef = 2582DE8E284A5EDF00284BAB /* ExpensetypeTableViewCell.swift */; };
		2582DE91284B8F4200284BAB /* ExpenseListTableViewCell.swift in Sources */ = {isa = PBXBuildFile; fileRef = 2582DE90284B8F4200284BAB /* ExpenseListTableViewCell.swift */; };
		25877879282E34E300E685AF /* Myasset.swift in Sources */ = {isa = PBXBuildFile; fileRef = 25877878282E34E300E685AF /* Myasset.swift */; };
		258778BF283B5CF200E685AF /* ListTableViewController.swift in Sources */ = {isa = PBXBuildFile; fileRef = 258778BE283B5CF200E685AF /* ListTableViewController.swift */; };
		259E4BF928A39AF600F42FD4 /* Income.swift in Sources */ = {isa = PBXBuildFile; fileRef = 259E4BF828A39AF600F42FD4 /* Income.swift */; };
		259E4BFB28A3AAF000F42FD4 /* AddExpenseTableViewController.swift in Sources */ = {isa = PBXBuildFile; fileRef = 259E4BFA28A3AAF000F42FD4 /* AddExpenseTableViewController.swift */; };
		259E4BFD28A3AB1400F42FD4 /* AddIncomeTableViewController.swift in Sources */ = {isa = PBXBuildFile; fileRef = 259E4BFC28A3AB1400F42FD4 /* AddIncomeTableViewController.swift */; };
		25AAB5E62824193A0076ECC7 /* CustomButton.swift in Sources */ = {isa = PBXBuildFile; fileRef = 25AAB5E52824193A0076ECC7 /* CustomButton.swift */; };
		25BB3A8B28991CD800C0D204 /* HomeViewController.swift in Sources */ = {isa = PBXBuildFile; fileRef = 25BB3A8A28991CD800C0D204 /* HomeViewController.swift */; };
		25BC680B2823BCEB0051CA86 /* Keyboard.xib in Resources */ = {isa = PBXBuildFile; fileRef = 25BC680A2823BCEB0051CA86 /* Keyboard.xib */; };
		25BC680D2823C34B0051CA86 /* Keyboard.swift in Sources */ = {isa = PBXBuildFile; fileRef = 25BC680C2823C34B0051CA86 /* Keyboard.swift */; };
		25D4B28A280E9818006D2547 /* AppDelegate.swift in Sources */ = {isa = PBXBuildFile; fileRef = 25D4B289280E9818006D2547 /* AppDelegate.swift */; };
		25D4B28C280E9818006D2547 /* SceneDelegate.swift in Sources */ = {isa = PBXBuildFile; fileRef = 25D4B28B280E9818006D2547 /* SceneDelegate.swift */; };
		25D4B28E280E9818006D2547 /* ViewController.swift in Sources */ = {isa = PBXBuildFile; fileRef = 25D4B28D280E9818006D2547 /* ViewController.swift */; };
		25D4B291280E9818006D2547 /* Main.storyboard in Resources */ = {isa = PBXBuildFile; fileRef = 25D4B28F280E9818006D2547 /* Main.storyboard */; };
		25D4B293280E981A006D2547 /* Assets.xcassets in Resources */ = {isa = PBXBuildFile; fileRef = 25D4B292280E981A006D2547 /* Assets.xcassets */; };
		25D4B296280E981A006D2547 /* LaunchScreen.storyboard in Resources */ = {isa = PBXBuildFile; fileRef = 25D4B294280E981A006D2547 /* LaunchScreen.storyboard */; };
		25D4B2A1280E981A006D2547 /* accountingTests.swift in Sources */ = {isa = PBXBuildFile; fileRef = 25D4B2A0280E981A006D2547 /* accountingTests.swift */; };
		25D4B2AB280E981A006D2547 /* accountingUITests.swift in Sources */ = {isa = PBXBuildFile; fileRef = 25D4B2AA280E981A006D2547 /* accountingUITests.swift */; };
		25D4B2AD280E981A006D2547 /* accountingUITestsLaunchTests.swift in Sources */ = {isa = PBXBuildFile; fileRef = 25D4B2AC280E981A006D2547 /* accountingUITestsLaunchTests.swift */; };
		25D4B2BC280EC0AF006D2547 /* Expense.swift in Sources */ = {isa = PBXBuildFile; fileRef = 25D4B2BB280EC0AF006D2547 /* Expense.swift */; };
/* End PBXBuildFile section */

/* Begin PBXContainerItemProxy section */
		25D4B29D280E981A006D2547 /* PBXContainerItemProxy */ = {
			isa = PBXContainerItemProxy;
			containerPortal = 25D4B27E280E9818006D2547 /* Project object */;
			proxyType = 1;
			remoteGlobalIDString = 25D4B285280E9818006D2547;
			remoteInfo = accounting;
		};
		25D4B2A7280E981A006D2547 /* PBXContainerItemProxy */ = {
			isa = PBXContainerItemProxy;
			containerPortal = 25D4B27E280E9818006D2547 /* Project object */;
			proxyType = 1;
			remoteGlobalIDString = 25D4B285280E9818006D2547;
			remoteInfo = accounting;
		};
/* End PBXContainerItemProxy section */

/* Begin PBXFileReference section */
		257CFC54286EEB6900C34501 /* EditTableViewController.swift */ = {isa = PBXFileReference; lastKnownFileType = sourcecode.swift; path = EditTableViewController.swift; sourceTree = "<group>"; };
		257EC9BF28842D6200A19FB9 /* CustomView.swift */ = {isa = PBXFileReference; lastKnownFileType = sourcecode.swift; path = CustomView.swift; sourceTree = "<group>"; };
		2582DE8E284A5EDF00284BAB /* ExpensetypeTableViewCell.swift */ = {isa = PBXFileReference; lastKnownFileType = sourcecode.swift; path = ExpensetypeTableViewCell.swift; sourceTree = "<group>"; };
		2582DE90284B8F4200284BAB /* ExpenseListTableViewCell.swift */ = {isa = PBXFileReference; lastKnownFileType = sourcecode.swift; path = ExpenseListTableViewCell.swift; sourceTree = "<group>"; };
		25877878282E34E300E685AF /* Myasset.swift */ = {isa = PBXFileReference; lastKnownFileType = sourcecode.swift; path = Myasset.swift; sourceTree = "<group>"; };
		258778BE283B5CF200E685AF /* ListTableViewController.swift */ = {isa = PBXFileReference; lastKnownFileType = sourcecode.swift; path = ListTableViewController.swift; sourceTree = "<group>"; };
		259E4BF828A39AF600F42FD4 /* Income.swift */ = {isa = PBXFileReference; lastKnownFileType = sourcecode.swift; path = Income.swift; sourceTree = "<group>"; };
		259E4BFA28A3AAF000F42FD4 /* AddExpenseTableViewController.swift */ = {isa = PBXFileReference; lastKnownFileType = sourcecode.swift; path = AddExpenseTableViewController.swift; sourceTree = "<group>"; };
		259E4BFC28A3AB1400F42FD4 /* AddIncomeTableViewController.swift */ = {isa = PBXFileReference; lastKnownFileType = sourcecode.swift; path = AddIncomeTableViewController.swift; sourceTree = "<group>"; };
		25AAB5E52824193A0076ECC7 /* CustomButton.swift */ = {isa = PBXFileReference; lastKnownFileType = sourcecode.swift; path = CustomButton.swift; sourceTree = "<group>"; };
		25BB3A8A28991CD800C0D204 /* HomeViewController.swift */ = {isa = PBXFileReference; lastKnownFileType = sourcecode.swift; path = HomeViewController.swift; sourceTree = "<group>"; };
		25BC680A2823BCEB0051CA86 /* Keyboard.xib */ = {isa = PBXFileReference; lastKnownFileType = file.xib; path = Keyboard.xib; sourceTree = "<group>"; };
		25BC680C2823C34B0051CA86 /* Keyboard.swift */ = {isa = PBXFileReference; lastKnownFileType = sourcecode.swift; path = Keyboard.swift; sourceTree = "<group>"; };
		25D4B286280E9818006D2547 /* accounting.app */ = {isa = PBXFileReference; explicitFileType = wrapper.application; includeInIndex = 0; path = accounting.app; sourceTree = BUILT_PRODUCTS_DIR; };
		25D4B289280E9818006D2547 /* AppDelegate.swift */ = {isa = PBXFileReference; lastKnownFileType = sourcecode.swift; path = AppDelegate.swift; sourceTree = "<group>"; };
		25D4B28B280E9818006D2547 /* SceneDelegate.swift */ = {isa = PBXFileReference; lastKnownFileType = sourcecode.swift; path = SceneDelegate.swift; sourceTree = "<group>"; };
		25D4B28D280E9818006D2547 /* ViewController.swift */ = {isa = PBXFileReference; lastKnownFileType = sourcecode.swift; path = ViewController.swift; sourceTree = "<group>"; };
		25D4B290280E9818006D2547 /* Base */ = {isa = PBXFileReference; lastKnownFileType = file.storyboard; name = Base; path = Base.lproj/Main.storyboard; sourceTree = "<group>"; };
		25D4B292280E981A006D2547 /* Assets.xcassets */ = {isa = PBXFileReference; lastKnownFileType = folder.assetcatalog; path = Assets.xcassets; sourceTree = "<group>"; };
		25D4B295280E981A006D2547 /* Base */ = {isa = PBXFileReference; lastKnownFileType = file.storyboard; name = Base; path = Base.lproj/LaunchScreen.storyboard; sourceTree = "<group>"; };
		25D4B297280E981A006D2547 /* Info.plist */ = {isa = PBXFileReference; lastKnownFileType = text.plist.xml; path = Info.plist; sourceTree = "<group>"; };
		25D4B29C280E981A006D2547 /* accountingTests.xctest */ = {isa = PBXFileReference; explicitFileType = wrapper.cfbundle; includeInIndex = 0; path = accountingTests.xctest; sourceTree = BUILT_PRODUCTS_DIR; };
		25D4B2A0280E981A006D2547 /* accountingTests.swift */ = {isa = PBXFileReference; lastKnownFileType = sourcecode.swift; path = accountingTests.swift; sourceTree = "<group>"; };
		25D4B2A6280E981A006D2547 /* accountingUITests.xctest */ = {isa = PBXFileReference; explicitFileType = wrapper.cfbundle; includeInIndex = 0; path = accountingUITests.xctest; sourceTree = BUILT_PRODUCTS_DIR; };
		25D4B2AA280E981A006D2547 /* accountingUITests.swift */ = {isa = PBXFileReference; lastKnownFileType = sourcecode.swift; path = accountingUITests.swift; sourceTree = "<group>"; };
		25D4B2AC280E981A006D2547 /* accountingUITestsLaunchTests.swift */ = {isa = PBXFileReference; lastKnownFileType = sourcecode.swift; path = accountingUITestsLaunchTests.swift; sourceTree = "<group>"; };
		25D4B2BB280EC0AF006D2547 /* Expense.swift */ = {isa = PBXFileReference; lastKnownFileType = sourcecode.swift; path = Expense.swift; sourceTree = "<group>"; };
/* End PBXFileReference section */

/* Begin PBXFrameworksBuildPhase section */
		25D4B283280E9818006D2547 /* Frameworks */ = {
			isa = PBXFrameworksBuildPhase;
			buildActionMask = 2147483647;
			files = (
			);
			runOnlyForDeploymentPostprocessing = 0;
		};
		25D4B299280E981A006D2547 /* Frameworks */ = {
			isa = PBXFrameworksBuildPhase;
			buildActionMask = 2147483647;
			files = (
			);
			runOnlyForDeploymentPostprocessing = 0;
		};
		25D4B2A3280E981A006D2547 /* Frameworks */ = {
			isa = PBXFrameworksBuildPhase;
			buildActionMask = 2147483647;
			files = (
			);
			runOnlyForDeploymentPostprocessing = 0;
		};
/* End PBXFrameworksBuildPhase section */

/* Begin PBXGroup section */
		25063AB8282D08B4000EC4CC /* custom */ = {
			isa = PBXGroup;
			children = (
				25BC680A2823BCEB0051CA86 /* Keyboard.xib */,
				25BC680C2823C34B0051CA86 /* Keyboard.swift */,
				25AAB5E52824193A0076ECC7 /* CustomButton.swift */,
			);
			path = custom;
			sourceTree = "<group>";
		};
		2582DE9F2855EEDF00284BAB /* customtableviewcell */ = {
			isa = PBXGroup;
			children = (
				2582DE90284B8F4200284BAB /* ExpenseListTableViewCell.swift */,
				2582DE8E284A5EDF00284BAB /* ExpensetypeTableViewCell.swift */,
			);
			path = customtableviewcell;
			sourceTree = "<group>";
		};
		25D4B27D280E9818006D2547 = {
			isa = PBXGroup;
			children = (
				25D4B288280E9818006D2547 /* accounting */,
				25D4B29F280E981A006D2547 /* accountingTests */,
				25D4B2A9280E981A006D2547 /* accountingUITests */,
				25D4B287280E9818006D2547 /* Products */,
			);
			sourceTree = "<group>";
		};
		25D4B287280E9818006D2547 /* Products */ = {
			isa = PBXGroup;
			children = (
				25D4B286280E9818006D2547 /* accounting.app */,
				25D4B29C280E981A006D2547 /* accountingTests.xctest */,
				25D4B2A6280E981A006D2547 /* accountingUITests.xctest */,
			);
			name = Products;
			sourceTree = "<group>";
		};
		25D4B288280E9818006D2547 /* accounting */ = {
			isa = PBXGroup;
			children = (
				25063AB8282D08B4000EC4CC /* custom */,
				2582DE9F2855EEDF00284BAB /* customtableviewcell */,
				25D4B28B280E9818006D2547 /* SceneDelegate.swift */,
				25D4B289280E9818006D2547 /* AppDelegate.swift */,
				25D4B28D280E9818006D2547 /* ViewController.swift */,
				25D4B28F280E9818006D2547 /* Main.storyboard */,
				259E4BFC28A3AB1400F42FD4 /* AddIncomeTableViewController.swift */,
				259E4BFA28A3AAF000F42FD4 /* AddExpenseTableViewController.swift */,
				25BB3A8A28991CD800C0D204 /* HomeViewController.swift */,
				257CFC54286EEB6900C34501 /* EditTableViewController.swift */,
				258778BE283B5CF200E685AF /* ListTableViewController.swift */,
				257EC9BF28842D6200A19FB9 /* CustomView.swift */,
				25D4B2BB280EC0AF006D2547 /* Expense.swift */,
				259E4BF828A39AF600F42FD4 /* Income.swift */,
				25877878282E34E300E685AF /* Myasset.swift */,
				25D4B292280E981A006D2547 /* Assets.xcassets */,
				25D4B294280E981A006D2547 /* LaunchScreen.storyboard */,
				25D4B297280E981A006D2547 /* Info.plist */,
			);
			path = accounting;
			sourceTree = "<group>";
		};
		25D4B29F280E981A006D2547 /* accountingTests */ = {
			isa = PBXGroup;
			children = (
				25D4B2A0280E981A006D2547 /* accountingTests.swift */,
			);
			path = accountingTests;
			sourceTree = "<group>";
		};
		25D4B2A9280E981A006D2547 /* accountingUITests */ = {
			isa = PBXGroup;
			children = (
				25D4B2AA280E981A006D2547 /* accountingUITests.swift */,
				25D4B2AC280E981A006D2547 /* accountingUITestsLaunchTests.swift */,
			);
			path = accountingUITests;
			sourceTree = "<group>";
		};
/* End PBXGroup section */

/* Begin PBXNativeTarget section */
		25D4B285280E9818006D2547 /* accounting */ = {
			isa = PBXNativeTarget;
			buildConfigurationList = 25D4B2B0280E981A006D2547 /* Build configuration list for PBXNativeTarget "accounting" */;
			buildPhases = (
				25D4B282280E9818006D2547 /* Sources */,
				25D4B283280E9818006D2547 /* Frameworks */,
				25D4B284280E9818006D2547 /* Resources */,
			);
			buildRules = (
			);
			dependencies = (
			);
			name = accounting;
			productName = accounting;
			productReference = 25D4B286280E9818006D2547 /* accounting.app */;
			productType = "com.apple.product-type.application";
		};
		25D4B29B280E981A006D2547 /* accountingTests */ = {
			isa = PBXNativeTarget;
			buildConfigurationList = 25D4B2B3280E981A006D2547 /* Build configuration list for PBXNativeTarget "accountingTests" */;
			buildPhases = (
				25D4B298280E981A006D2547 /* Sources */,
				25D4B299280E981A006D2547 /* Frameworks */,
				25D4B29A280E981A006D2547 /* Resources */,
			);
			buildRules = (
			);
			dependencies = (
				25D4B29E280E981A006D2547 /* PBXTargetDependency */,
			);
			name = accountingTests;
			productName = accountingTests;
			productReference = 25D4B29C280E981A006D2547 /* accountingTests.xctest */;
			productType = "com.apple.product-type.bundle.unit-test";
		};
		25D4B2A5280E981A006D2547 /* accountingUITests */ = {
			isa = PBXNativeTarget;
			buildConfigurationList = 25D4B2B6280E981A006D2547 /* Build configuration list for PBXNativeTarget "accountingUITests" */;
			buildPhases = (
				25D4B2A2280E981A006D2547 /* Sources */,
				25D4B2A3280E981A006D2547 /* Frameworks */,
				25D4B2A4280E981A006D2547 /* Resources */,
			);
			buildRules = (
			);
			dependencies = (
				25D4B2A8280E981A006D2547 /* PBXTargetDependency */,
			);
			name = accountingUITests;
			productName = accountingUITests;
			productReference = 25D4B2A6280E981A006D2547 /* accountingUITests.xctest */;
			productType = "com.apple.product-type.bundle.ui-testing";
		};
/* End PBXNativeTarget section */

/* Begin PBXProject section */
		25D4B27E280E9818006D2547 /* Project object */ = {
			isa = PBXProject;
			attributes = {
				BuildIndependentTargetsInParallel = 1;
				LastSwiftUpdateCheck = 1330;
				LastUpgradeCheck = 1330;
				TargetAttributes = {
					25D4B285280E9818006D2547 = {
						CreatedOnToolsVersion = 13.3;
					};
					25D4B29B280E981A006D2547 = {
						CreatedOnToolsVersion = 13.3;
						TestTargetID = 25D4B285280E9818006D2547;
					};
					25D4B2A5280E981A006D2547 = {
						CreatedOnToolsVersion = 13.3;
						TestTargetID = 25D4B285280E9818006D2547;
					};
				};
			};
			buildConfigurationList = 25D4B281280E9818006D2547 /* Build configuration list for PBXProject "accounting" */;
			compatibilityVersion = "Xcode 13.0";
			developmentRegion = en;
			hasScannedForEncodings = 0;
			knownRegions = (
				en,
				Base,
			);
			mainGroup = 25D4B27D280E9818006D2547;
			productRefGroup = 25D4B287280E9818006D2547 /* Products */;
			projectDirPath = "";
			projectRoot = "";
			targets = (
				25D4B285280E9818006D2547 /* accounting */,
				25D4B29B280E981A006D2547 /* accountingTests */,
				25D4B2A5280E981A006D2547 /* accountingUITests */,
			);
		};
/* End PBXProject section */

/* Begin PBXResourcesBuildPhase section */
		25D4B284280E9818006D2547 /* Resources */ = {
			isa = PBXResourcesBuildPhase;
			buildActionMask = 2147483647;
			files = (
				25D4B296280E981A006D2547 /* LaunchScreen.storyboard in Resources */,
				25D4B293280E981A006D2547 /* Assets.xcassets in Resources */,
				25BC680B2823BCEB0051CA86 /* Keyboard.xib in Resources */,
				25D4B291280E9818006D2547 /* Main.storyboard in Resources */,
			);
			runOnlyForDeploymentPostprocessing = 0;
		};
		25D4B29A280E981A006D2547 /* Resources */ = {
			isa = PBXResourcesBuildPhase;
			buildActionMask = 2147483647;
			files = (
			);
			runOnlyForDeploymentPostprocessing = 0;
		};
		25D4B2A4280E981A006D2547 /* Resources */ = {
			isa = PBXResourcesBuildPhase;
			buildActionMask = 2147483647;
			files = (
			);
			runOnlyForDeploymentPostprocessing = 0;
		};
/* End PBXResourcesBuildPhase section */

/* Begin PBXSourcesBuildPhase section */
		25D4B282280E9818006D2547 /* Sources */ = {
			isa = PBXSourcesBuildPhase;
			buildActionMask = 2147483647;
			files = (
				2582DE91284B8F4200284BAB /* ExpenseListTableViewCell.swift in Sources */,
				257CFC55286EEB6A00C34501 /* EditTableViewController.swift in Sources */,
				25BB3A8B28991CD800C0D204 /* HomeViewController.swift in Sources */,
				259E4BFD28A3AB1400F42FD4 /* AddIncomeTableViewController.swift in Sources */,
				25D4B28E280E9818006D2547 /* ViewController.swift in Sources */,
				25D4B28A280E9818006D2547 /* AppDelegate.swift in Sources */,
				259E4BFB28A3AAF000F42FD4 /* AddExpenseTableViewController.swift in Sources */,
				2582DE8F284A5EDF00284BAB /* ExpensetypeTableViewCell.swift in Sources */,
				257EC9C028842D6200A19FB9 /* CustomView.swift in Sources */,
				25D4B28C280E9818006D2547 /* SceneDelegate.swift in Sources */,
				25AAB5E62824193A0076ECC7 /* CustomButton.swift in Sources */,
				25BC680D2823C34B0051CA86 /* Keyboard.swift in Sources */,
				258778BF283B5CF200E685AF /* ListTableViewController.swift in Sources */,
				25877879282E34E300E685AF /* Myasset.swift in Sources */,
				259E4BF928A39AF600F42FD4 /* Income.swift in Sources */,
				25D4B2BC280EC0AF006D2547 /* Expense.swift in Sources */,
			);
			runOnlyForDeploymentPostprocessing = 0;
		};
		25D4B298280E981A006D2547 /* Sources */ = {
			isa = PBXSourcesBuildPhase;
			buildActionMask = 2147483647;
			files = (
				25D4B2A1280E981A006D2547 /* accountingTests.swift in Sources */,
			);
			runOnlyForDeploymentPostprocessing = 0;
		};
		25D4B2A2280E981A006D2547 /* Sources */ = {
			isa = PBXSourcesBuildPhase;
			buildActionMask = 2147483647;
			files = (
				25D4B2AB280E981A006D2547 /* accountingUITests.swift in Sources */,
				25D4B2AD280E981A006D2547 /* accountingUITestsLaunchTests.swift in Sources */,
			);
			runOnlyForDeploymentPostprocessing = 0;
		};
/* End PBXSourcesBuildPhase section */

/* Begin PBXTargetDependency section */
		25D4B29E280E981A006D2547 /* PBXTargetDependency */ = {
			isa = PBXTargetDependency;
			target = 25D4B285280E9818006D2547 /* accounting */;
			targetProxy = 25D4B29D280E981A006D2547 /* PBXContainerItemProxy */;
		};
		25D4B2A8280E981A006D2547 /* PBXTargetDependency */ = {
			isa = PBXTargetDependency;
			target = 25D4B285280E9818006D2547 /* accounting */;
			targetProxy = 25D4B2A7280E981A006D2547 /* PBXContainerItemProxy */;
		};
/* End PBXTargetDependency section */

/* Begin PBXVariantGroup section */
		25D4B28F280E9818006D2547 /* Main.storyboard */ = {
			isa = PBXVariantGroup;
			children = (
				25D4B290280E9818006D2547 /* Base */,
			);
			name = Main.storyboard;
			sourceTree = "<group>";
		};
		25D4B294280E981A006D2547 /* LaunchScreen.storyboard */ = {
			isa = PBXVariantGroup;
			children = (
				25D4B295280E981A006D2547 /* Base */,
			);
			name = LaunchScreen.storyboard;
			sourceTree = "<group>";
		};
/* End PBXVariantGroup section */

/* Begin XCBuildConfiguration section */
		25D4B2AE280E981A006D2547 /* Debug */ = {
			isa = XCBuildConfiguration;
			buildSettings = {
				ALWAYS_SEARCH_USER_PATHS = NO;
				CLANG_ANALYZER_NONNULL = YES;
				CLANG_ANALYZER_NUMBER_OBJECT_CONVERSION = YES_AGGRESSIVE;
				CLANG_CXX_LANGUAGE_STANDARD = "gnu++17";
				CLANG_ENABLE_MODULES = YES;
				CLANG_ENABLE_OBJC_ARC = YES;
				CLANG_ENABLE_OBJC_WEAK = YES;
				CLANG_WARN_BLOCK_CAPTURE_AUTORELEASING = YES;
				CLANG_WARN_BOOL_CONVERSION = YES;
				CLANG_WARN_COMMA = YES;
				CLANG_WARN_CONSTANT_CONVERSION = YES;
				CLANG_WARN_DEPRECATED_OBJC_IMPLEMENTATIONS = YES;
				CLANG_WARN_DIRECT_OBJC_ISA_USAGE = YES_ERROR;
				CLANG_WARN_DOCUMENTATION_COMMENTS = YES;
				CLANG_WARN_EMPTY_BODY = YES;
				CLANG_WARN_ENUM_CONVERSION = YES;
				CLANG_WARN_INFINITE_RECURSION = YES;
				CLANG_WARN_INT_CONVERSION = YES;
				CLANG_WARN_NON_LITERAL_NULL_CONVERSION = YES;
				CLANG_WARN_OBJC_IMPLICIT_RETAIN_SELF = YES;
				CLANG_WARN_OBJC_LITERAL_CONVERSION = YES;
				CLANG_WARN_OBJC_ROOT_CLASS = YES_ERROR;
				CLANG_WARN_QUOTED_INCLUDE_IN_FRAMEWORK_HEADER = YES;
				CLANG_WARN_RANGE_LOOP_ANALYSIS = YES;
				CLANG_WARN_STRICT_PROTOTYPES = YES;
				CLANG_WARN_SUSPICIOUS_MOVE = YES;
				CLANG_WARN_UNGUARDED_AVAILABILITY = YES_AGGRESSIVE;
				CLANG_WARN_UNREACHABLE_CODE = YES;
				CLANG_WARN__DUPLICATE_METHOD_MATCH = YES;
				COPY_PHASE_STRIP = NO;
				DEBUG_INFORMATION_FORMAT = dwarf;
				ENABLE_STRICT_OBJC_MSGSEND = YES;
				ENABLE_TESTABILITY = YES;
				GCC_C_LANGUAGE_STANDARD = gnu11;
				GCC_DYNAMIC_NO_PIC = NO;
				GCC_NO_COMMON_BLOCKS = YES;
				GCC_OPTIMIZATION_LEVEL = 0;
				GCC_PREPROCESSOR_DEFINITIONS = (
					"DEBUG=1",
					"$(inherited)",
				);
				GCC_WARN_64_TO_32_BIT_CONVERSION = YES;
				GCC_WARN_ABOUT_RETURN_TYPE = YES_ERROR;
				GCC_WARN_UNDECLARED_SELECTOR = YES;
				GCC_WARN_UNINITIALIZED_AUTOS = YES_AGGRESSIVE;
				GCC_WARN_UNUSED_FUNCTION = YES;
				GCC_WARN_UNUSED_VARIABLE = YES;
				IPHONEOS_DEPLOYMENT_TARGET = 15.4;
				MTL_ENABLE_DEBUG_INFO = INCLUDE_SOURCE;
				MTL_FAST_MATH = YES;
				ONLY_ACTIVE_ARCH = YES;
				SDKROOT = iphoneos;
				SWIFT_ACTIVE_COMPILATION_CONDITIONS = DEBUG;
				SWIFT_OPTIMIZATION_LEVEL = "-Onone";
			};
			name = Debug;
		};
		25D4B2AF280E981A006D2547 /* Release */ = {
			isa = XCBuildConfiguration;
			buildSettings = {
				ALWAYS_SEARCH_USER_PATHS = NO;
				CLANG_ANALYZER_NONNULL = YES;
				CLANG_ANALYZER_NUMBER_OBJECT_CONVERSION = YES_AGGRESSIVE;
				CLANG_CXX_LANGUAGE_STANDARD = "gnu++17";
				CLANG_ENABLE_MODULES = YES;
				CLANG_ENABLE_OBJC_ARC = YES;
				CLANG_ENABLE_OBJC_WEAK = YES;
				CLANG_WARN_BLOCK_CAPTURE_AUTORELEASING = YES;
				CLANG_WARN_BOOL_CONVERSION = YES;
				CLANG_WARN_COMMA = YES;
				CLANG_WARN_CONSTANT_CONVERSION = YES;
				CLANG_WARN_DEPRECATED_OBJC_IMPLEMENTATIONS = YES;
				CLANG_WARN_DIRECT_OBJC_ISA_USAGE = YES_ERROR;
				CLANG_WARN_DOCUMENTATION_COMMENTS = YES;
				CLANG_WARN_EMPTY_BODY = YES;
				CLANG_WARN_ENUM_CONVERSION = YES;
				CLANG_WARN_INFINITE_RECURSION = YES;
				CLANG_WARN_INT_CONVERSION = YES;
				CLANG_WARN_NON_LITERAL_NULL_CONVERSION = YES;
				CLANG_WARN_OBJC_IMPLICIT_RETAIN_SELF = YES;
				CLANG_WARN_OBJC_LITERAL_CONVERSION = YES;
				CLANG_WARN_OBJC_ROOT_CLASS = YES_ERROR;
				CLANG_WARN_QUOTED_INCLUDE_IN_FRAMEWORK_HEADER = YES;
				CLANG_WARN_RANGE_LOOP_ANALYSIS = YES;
				CLANG_WARN_STRICT_PROTOTYPES = YES;
				CLANG_WARN_SUSPICIOUS_MOVE = YES;
				CLANG_WARN_UNGUARDED_AVAILABILITY = YES_AGGRESSIVE;
				CLANG_WARN_UNREACHABLE_CODE = YES;
				CLANG_WARN__DUPLICATE_METHOD_MATCH = YES;
				COPY_PHASE_STRIP = NO;
				DEBUG_INFORMATION_FORMAT = "dwarf-with-dsym";
				ENABLE_NS_ASSERTIONS = NO;
				ENABLE_STRICT_OBJC_MSGSEND = YES;
				GCC_C_LANGUAGE_STANDARD = gnu11;
				GCC_NO_COMMON_BLOCKS = YES;
				GCC_WARN_64_TO_32_BIT_CONVERSION = YES;
				GCC_WARN_ABOUT_RETURN_TYPE = YES_ERROR;
				GCC_WARN_UNDECLARED_SELECTOR = YES;
				GCC_WARN_UNINITIALIZED_AUTOS = YES_AGGRESSIVE;
				GCC_WARN_UNUSED_FUNCTION = YES;
				GCC_WARN_UNUSED_VARIABLE = YES;
				IPHONEOS_DEPLOYMENT_TARGET = 15.4;
				MTL_ENABLE_DEBUG_INFO = NO;
				MTL_FAST_MATH = YES;
				SDKROOT = iphoneos;
				SWIFT_COMPILATION_MODE = wholemodule;
				SWIFT_OPTIMIZATION_LEVEL = "-O";
				VALIDATE_PRODUCT = YES;
			};
			name = Release;
		};
		25D4B2B1280E981A006D2547 /* Debug */ = {
			isa = XCBuildConfiguration;
			buildSettings = {
				ASSETCATALOG_COMPILER_APPICON_NAME = AppIcon;
				ASSETCATALOG_COMPILER_GLOBAL_ACCENT_COLOR_NAME = AccentColor;
				CODE_SIGN_STYLE = Automatic;
				CURRENT_PROJECT_VERSION = 1;
				DEVELOPMENT_TEAM = FWYVY227K8;
				GENERATE_INFOPLIST_FILE = YES;
				INFOPLIST_FILE = accounting/Info.plist;
				INFOPLIST_KEY_UIApplicationSupportsIndirectInputEvents = YES;
				INFOPLIST_KEY_UILaunchStoryboardName = LaunchScreen;
				INFOPLIST_KEY_UIMainStoryboardFile = Main;
				INFOPLIST_KEY_UISupportedInterfaceOrientations_iPad = "UIInterfaceOrientationPortrait UIInterfaceOrientationPortraitUpsideDown UIInterfaceOrientationLandscapeLeft UIInterfaceOrientationLandscapeRight";
				INFOPLIST_KEY_UISupportedInterfaceOrientations_iPhone = "UIInterfaceOrientationPortrait UIInterfaceOrientationLandscapeLeft UIInterfaceOrientationLandscapeRight";
				LD_RUNPATH_SEARCH_PATHS = (
					"$(inherited)",
					"@executable_path/Frameworks",
				);
				MARKETING_VERSION = 1.0;
				PRODUCT_BUNDLE_IDENTIFIER = com.jason.accounting;
				PRODUCT_NAME = "$(TARGET_NAME)";
				SWIFT_EMIT_LOC_STRINGS = YES;
				SWIFT_VERSION = 5.0;
				TARGETED_DEVICE_FAMILY = "1,2";
			};
			name = Debug;
		};
		25D4B2B2280E981A006D2547 /* Release */ = {
			isa = XCBuildConfiguration;
			buildSettings = {
				ASSETCATALOG_COMPILER_APPICON_NAME = AppIcon;
				ASSETCATALOG_COMPILER_GLOBAL_ACCENT_COLOR_NAME = AccentColor;
				CODE_SIGN_STYLE = Automatic;
				CURRENT_PROJECT_VERSION = 1;
				DEVELOPMENT_TEAM = FWYVY227K8;
				GENERATE_INFOPLIST_FILE = YES;
				INFOPLIST_FILE = accounting/Info.plist;
				INFOPLIST_KEY_UIApplicationSupportsIndirectInputEvents = YES;
				INFOPLIST_KEY_UILaunchStoryboardName = LaunchScreen;
				INFOPLIST_KEY_UIMainStoryboardFile = Main;
				INFOPLIST_KEY_UISupportedInterfaceOrientations_iPad = "UIInterfaceOrientationPortrait UIInterfaceOrientationPortraitUpsideDown UIInterfaceOrientationLandscapeLeft UIInterfaceOrientationLandscapeRight";
				INFOPLIST_KEY_UISupportedInterfaceOrientations_iPhone = "UIInterfaceOrientationPortrait UIInterfaceOrientationLandscapeLeft UIInterfaceOrientationLandscapeRight";
				LD_RUNPATH_SEARCH_PATHS = (
					"$(inherited)",
					"@executable_path/Frameworks",
				);
				MARKETING_VERSION = 1.0;
				PRODUCT_BUNDLE_IDENTIFIER = com.jason.accounting;
				PRODUCT_NAME = "$(TARGET_NAME)";
				SWIFT_EMIT_LOC_STRINGS = YES;
				SWIFT_VERSION = 5.0;
				TARGETED_DEVICE_FAMILY = "1,2";
			};
			name = Release;
		};
		25D4B2B4280E981A006D2547 /* Debug */ = {
			isa = XCBuildConfiguration;
			buildSettings = {
				ALWAYS_EMBED_SWIFT_STANDARD_LIBRARIES = YES;
				BUNDLE_LOADER = "$(TEST_HOST)";
				CODE_SIGN_STYLE = Automatic;
				CURRENT_PROJECT_VERSION = 1;
				GENERATE_INFOPLIST_FILE = YES;
				IPHONEOS_DEPLOYMENT_TARGET = 15.4;
				MARKETING_VERSION = 1.0;
				PRODUCT_BUNDLE_IDENTIFIER = com.jason.accountingTests;
				PRODUCT_NAME = "$(TARGET_NAME)";
				SWIFT_EMIT_LOC_STRINGS = NO;
				SWIFT_VERSION = 5.0;
				TARGETED_DEVICE_FAMILY = "1,2";
				TEST_HOST = "$(BUILT_PRODUCTS_DIR)/accounting.app/accounting";
			};
			name = Debug;
		};
		25D4B2B5280E981A006D2547 /* Release */ = {
			isa = XCBuildConfiguration;
			buildSettings = {
				ALWAYS_EMBED_SWIFT_STANDARD_LIBRARIES = YES;
				BUNDLE_LOADER = "$(TEST_HOST)";
				CODE_SIGN_STYLE = Automatic;
				CURRENT_PROJECT_VERSION = 1;
				GENERATE_INFOPLIST_FILE = YES;
				IPHONEOS_DEPLOYMENT_TARGET = 15.4;
				MARKETING_VERSION = 1.0;
				PRODUCT_BUNDLE_IDENTIFIER = com.jason.accountingTests;
				PRODUCT_NAME = "$(TARGET_NAME)";
				SWIFT_EMIT_LOC_STRINGS = NO;
				SWIFT_VERSION = 5.0;
				TARGETED_DEVICE_FAMILY = "1,2";
				TEST_HOST = "$(BUILT_PRODUCTS_DIR)/accounting.app/accounting";
			};
			name = Release;
		};
		25D4B2B7280E981A006D2547 /* Debug */ = {
			isa = XCBuildConfiguration;
			buildSettings = {
				ALWAYS_EMBED_SWIFT_STANDARD_LIBRARIES = YES;
				CODE_SIGN_STYLE = Automatic;
				CURRENT_PROJECT_VERSION = 1;
				GENERATE_INFOPLIST_FILE = YES;
				MARKETING_VERSION = 1.0;
				PRODUCT_BUNDLE_IDENTIFIER = com.jason.accountingUITests;
				PRODUCT_NAME = "$(TARGET_NAME)";
				SWIFT_EMIT_LOC_STRINGS = NO;
				SWIFT_VERSION = 5.0;
				TARGETED_DEVICE_FAMILY = "1,2";
				TEST_TARGET_NAME = accounting;
			};
			name = Debug;
		};
		25D4B2B8280E981A006D2547 /* Release */ = {
			isa = XCBuildConfiguration;
			buildSettings = {
				ALWAYS_EMBED_SWIFT_STANDARD_LIBRARIES = YES;
				CODE_SIGN_STYLE = Automatic;
				CURRENT_PROJECT_VERSION = 1;
				GENERATE_INFOPLIST_FILE = YES;
				MARKETING_VERSION = 1.0;
				PRODUCT_BUNDLE_IDENTIFIER = com.jason.accountingUITests;
				PRODUCT_NAME = "$(TARGET_NAME)";
				SWIFT_EMIT_LOC_STRINGS = NO;
				SWIFT_VERSION = 5.0;
				TARGETED_DEVICE_FAMILY = "1,2";
				TEST_TARGET_NAME = accounting;
			};
			name = Release;
		};
/* End XCBuildConfiguration section */

/* Begin XCConfigurationList section */
		25D4B281280E9818006D2547 /* Build configuration list for PBXProject "accounting" */ = {
			isa = XCConfigurationList;
			buildConfigurations = (
				25D4B2AE280E981A006D2547 /* Debug */,
				25D4B2AF280E981A006D2547 /* Release */,
			);
			defaultConfigurationIsVisible = 0;
			defaultConfigurationName = Release;
		};
		25D4B2B0280E981A006D2547 /* Build configuration list for PBXNativeTarget "accounting" */ = {
			isa = XCConfigurationList;
			buildConfigurations = (
				25D4B2B1280E981A006D2547 /* Debug */,
				25D4B2B2280E981A006D2547 /* Release */,
			);
			defaultConfigurationIsVisible = 0;
			defaultConfigurationName = Release;
		};
		25D4B2B3280E981A006D2547 /* Build configuration list for PBXNativeTarget "accountingTests" */ = {
			isa = XCConfigurationList;
			buildConfigurations = (
				25D4B2B4280E981A006D2547 /* Debug */,
				25D4B2B5280E981A006D2547 /* Release */,
			);
			defaultConfigurationIsVisible = 0;
			defaultConfigurationName = Release;
		};
		25D4B2B6280E981A006D2547 /* Build configuration list for PBXNativeTarget "accountingUITests" */ = {
			isa = XCConfigurationList;
			buildConfigurations = (
				25D4B2B7280E981A006D2547 /* Debug */,
				25D4B2B8280E981A006D2547 /* Release */,
			);
			defaultConfigurationIsVisible = 0;
			defaultConfigurationName = Release;
		};
/* End XCConfigurationList section */
	};
	rootObject = 25D4B27E280E9818006D2547 /* Project object */;
}
